{
  "nodes": {
    "nixos-hardware": {
      "locked": {
        "lastModified": 1644870092,
        "narHash": "sha256-RLPD92lqXW98LDIbbwYqwAbt3R4iD1V1PiylfgBq5cU=",
        "owner": "NixOS",
        "repo": "nixos-hardware",
        "rev": "10eab1c4cd8e715c0b41d32c28af2b89fc67bed0",
        "type": "github"
      },
      "original": {
        "owner": "NixOS",
        "ref": "master",
        "repo": "nixos-hardware",
        "type": "github"
      }
    },
    "nixpkgs": {
      "locked": {
        "lastModified": 1649497218,
        "narHash": "sha256-groqC9m1P4hpnL6jQvZ3C8NEtduhdkvwGT0+0LUrcYw=",
        "owner": "NixOs",
        "repo": "nixpkgs",
        "rev": "fd364d268852561223a5ada15caad669fd72800e",
        "type": "github"
      },
      "original": {
        "owner": "NixOs",
        "ref": "nixos-unstable",
        "repo": "nixpkgs",
        "type": "github"
      }
    },
    "nixpkgs-dev-null": {
      "locked": {
        "lastModified": 1648602049,
        "narHash": "sha256-x6NWb5PcwD+X+JtSGoP0LN30I49FgqeovFBYGfR1Tu0=",
        "owner": "dev-null-undefined",
        "repo": "nixpkgs",
        "rev": "9d2090423c87979695c04e3a91774f3bd86279f7",
        "type": "github"
      },
      "original": {
        "owner": "dev-null-undefined",
        "ref": "main",
        "repo": "nixpkgs",
        "type": "github"
      }
    },
    "nixpkgs-master": {
      "locked": {
        "lastModified": 1649692534,
        "narHash": "sha256-jd3dSfmpbTWCgbzprqS7NsHL0Fctppb8bhpaFPFePT4=",
        "owner": "NixOS",
        "repo": "nixpkgs",
        "rev": "932273493dbe9f946ef744004090fb769186fd20",
        "type": "github"
      },
      "original": {
        "owner": "NixOS",
        "ref": "master",
        "repo": "nixpkgs",
        "type": "github"
      }
    },
    "nixpkgs-stable": {
      "locked": {
        "lastModified": 1649537291,
        "narHash": "sha256-V6VYIwTeI5BCfYK9f5EsMbjsjsis1rUDHMsaDbTvt+A=",
        "owner": "NixOS",
        "repo": "nixpkgs",
        "rev": "715dc137b08213aabbbe0965b78ab938e5d8d3b7",
        "type": "github"
      },
      "original": {
        "owner": "NixOS",
        "ref": "nixos-21.11",
        "repo": "nixpkgs",
        "type": "github"
      }
    },
    "root": {
      "inputs": {
        "nixos-hardware": "nixos-hardware",
        "nixpkgs": "nixpkgs",
        "nixpkgs-dev-null": "nixpkgs-dev-null",
        "nixpkgs-master": "nixpkgs-master",
        "nixpkgs-stable": "nixpkgs-stable"
      }
    }
  },
  "root": "root",
  "version": 7
}
